// !$*UTF8*$!
{
	archiveVersion = 1;
	classes = {
	};
	objectVersion = 46;
	objects = {

/* Begin PBXBuildFile section */
		06E4105330259EB8A31CBA24 /* LegacyMigrator.swift in Sources */ = {isa = PBXBuildFile; fileRef = 9E2BC0689C9B84ABDF472FA6 /* LegacyMigrator.swift */; };
		0C8C84B58231A007380C283C /* HelpView.swift in Sources */ = {isa = PBXBuildFile; fileRef = EF03B38C2EE7AD19DB07A264 /* HelpView.swift */; };
		3FD3EEA6A330331F3B586649 /* libsqlite3.tbd in Frameworks */ = {isa = PBXBuildFile; fileRef = 5FE4F946D28C287F0E99F457 /* libsqlite3.tbd */; };
		536A910335EF32E4815BBB32 /* CuttingLogApp.swift in Sources */ = {isa = PBXBuildFile; fileRef = 4A37966C8B8799DF1CD00332 /* CuttingLogApp.swift */; };
		547A3E4FEA6215C5FD735274 /* AdvancedToolsView.swift in Sources */ = {isa = PBXBuildFile; fileRef = A67C5D7798BF317A02E4F153 /* AdvancedToolsView.swift */; };
		60BF8E4A9EE44FEFF010DF36 /* Assets.xcassets in Resources */ = {isa = PBXBuildFile; fileRef = CAF6B4EBF3A9C45B125D49D2 /* Assets.xcassets */; };
		94009A61DE9CCBE6A3458A25 /* RunnerTests.swift in Sources */ = {isa = PBXBuildFile; fileRef = 3426CBB284A4D684D21599F8 /* RunnerTests.swift */; };
		BE4667D1BAE8AA6BEDF99C9F /* LaunchScreen.storyboard in Resources */ = {isa = PBXBuildFile; fileRef = 283B76BD67738E0E1BBE8418 /* LaunchScreen.storyboard */; };
		C790D5B61DAAA2EDF1373A67 /* JournalStore.swift in Sources */ = {isa = PBXBuildFile; fileRef = 18AD2168BACF8DE7D0B764B2 /* JournalStore.swift */; };
		D971C5DE4636820AEAE2CCAD /* HomeView.swift in Sources */ = {isa = PBXBuildFile; fileRef = 2E49A50AB6B18B45B88C0515 /* HomeView.swift */; };
		EDE8D21FB82758C672065653 /* Models.swift in Sources */ = {isa = PBXBuildFile; fileRef = C65C8301BFC4F6AD53052138 /* Models.swift */; };
		F19C844070BAAC7ABEF4624B /* CuttingDetailView.swift in Sources */ = {isa = PBXBuildFile; fileRef = 2BAFD5CAC70D5614E48FDFAD /* CuttingDetailView.swift */; };
/* End PBXBuildFile section */

/* Begin PBXContainerItemProxy section */
		DA0459ED16D724EBE8FB0F3E /* PBXContainerItemProxy */ = {
			isa = PBXContainerItemProxy;
			containerPortal = EA403E1FD1F709EC0FABD1C0 /* Project object */;
			proxyType = 1;
			remoteGlobalIDString = D12C10D305A4D687BF17D0CE;
			remoteInfo = Runner;
		};
/* End PBXContainerItemProxy section */

/* Begin PBXFileReference section */
		18AD2168BACF8DE7D0B764B2 /* JournalStore.swift */ = {isa = PBXFileReference; includeInIndex = 1; lastKnownFileType = sourcecode.swift; path = JournalStore.swift; sourceTree = "<group>"; };
		283B76BD67738E0E1BBE8418 /* LaunchScreen.storyboard */ = {isa = PBXFileReference; includeInIndex = 1; lastKnownFileType = file.storyboard; name = LaunchScreen.storyboard; path = Base.lproj/LaunchScreen.storyboard; sourceTree = "<group>"; };
		2BAFD5CAC70D5614E48FDFAD /* CuttingDetailView.swift */ = {isa = PBXFileReference; includeInIndex = 1; lastKnownFileType = sourcecode.swift; path = CuttingDetailView.swift; sourceTree = "<group>"; };
		2E49A50AB6B18B45B88C0515 /* HomeView.swift */ = {isa = PBXFileReference; includeInIndex = 1; lastKnownFileType = sourcecode.swift; path = HomeView.swift; sourceTree = "<group>"; };
		3426CBB284A4D684D21599F8 /* RunnerTests.swift */ = {isa = PBXFileReference; includeInIndex = 1; lastKnownFileType = sourcecode.swift; path = RunnerTests.swift; sourceTree = "<group>"; };
		4A37966C8B8799DF1CD00332 /* CuttingLogApp.swift */ = {isa = PBXFileReference; includeInIndex = 1; lastKnownFileType = sourcecode.swift; path = CuttingLogApp.swift; sourceTree = "<group>"; };
		5FE4F946D28C287F0E99F457 /* libsqlite3.tbd */ = {isa = PBXFileReference; includeInIndex = 1; lastKnownFileType = "sourcecode.text-based-dylib-definition"; name = libsqlite3.tbd; path = usr/lib/libsqlite3.tbd; sourceTree = SDKROOT; };
		63AB46E7332B3C654F7FC269 /* Cutting Log.app */ = {isa = PBXFileReference; explicitFileType = wrapper.application; includeInIndex = 0; path = "Cutting Log.app"; sourceTree = BUILT_PRODUCTS_DIR; };
		9E2BC0689C9B84ABDF472FA6 /* LegacyMigrator.swift */ = {isa = PBXFileReference; includeInIndex = 1; lastKnownFileType = sourcecode.swift; path = LegacyMigrator.swift; sourceTree = "<group>"; };
		A67C5D7798BF317A02E4F153 /* AdvancedToolsView.swift */ = {isa = PBXFileReference; includeInIndex = 1; lastKnownFileType = sourcecode.swift; path = AdvancedToolsView.swift; sourceTree = "<group>"; };
		A92CCF10AE41786F09ED7594 /* RunnerTests.xctest */ = {isa = PBXFileReference; explicitFileType = wrapper.cfbundle; includeInIndex = 0; path = RunnerTests.xctest; sourceTree = BUILT_PRODUCTS_DIR; };
		C65C8301BFC4F6AD53052138 /* Models.swift */ = {isa = PBXFileReference; includeInIndex = 1; lastKnownFileType = sourcecode.swift; path = Models.swift; sourceTree = "<group>"; };
		CAF6B4EBF3A9C45B125D49D2 /* Assets.xcassets */ = {isa = PBXFileReference; includeInIndex = 1; lastKnownFileType = folder.assetcatalog; path = Assets.xcassets; sourceTree = "<group>"; };
		CC02A8EFA0F335AAFB8F4F6A /* Info.plist */ = {isa = PBXFileReference; includeInIndex = 1; lastKnownFileType = text.plist.xml; path = Info.plist; sourceTree = "<group>"; };
		EF03B38C2EE7AD19DB07A264 /* HelpView.swift */ = {isa = PBXFileReference; includeInIndex = 1; lastKnownFileType = sourcecode.swift; path = HelpView.swift; sourceTree = "<group>"; };
/* End PBXFileReference section */

/* Begin PBXFrameworksBuildPhase section */
		451A115C08A524C01721CAFD /* Frameworks */ = {
			isa = PBXFrameworksBuildPhase;
			buildActionMask = 2147483647;
			files = (
			);
			runOnlyForDeploymentPostprocessing = 0;
		};
		D844F930805C24C518E0DEC3 /* Frameworks */ = {
			isa = PBXFrameworksBuildPhase;
			buildActionMask = 2147483647;
			files = (
				3FD3EEA6A330331F3B586649 /* libsqlite3.tbd in Frameworks */,
			);
			runOnlyForDeploymentPostprocessing = 0;
		};
/* End PBXFrameworksBuildPhase section */

/* Begin PBXGroup section */
		125E6D8A3538DD62817BA734 /* Runner */ = {
			isa = PBXGroup;
			children = (
				4A37966C8B8799DF1CD00332 /* CuttingLogApp.swift */,
				C65C8301BFC4F6AD53052138 /* Models.swift */,
				18AD2168BACF8DE7D0B764B2 /* JournalStore.swift */,
				2E49A50AB6B18B45B88C0515 /* HomeView.swift */,
				2BAFD5CAC70D5614E48FDFAD /* CuttingDetailView.swift */,
				A67C5D7798BF317A02E4F153 /* AdvancedToolsView.swift */,
				EF03B38C2EE7AD19DB07A264 /* HelpView.swift */,
				CAF6B4EBF3A9C45B125D49D2 /* Assets.xcassets */,
				283B76BD67738E0E1BBE8418 /* LaunchScreen.storyboard */,
				CC02A8EFA0F335AAFB8F4F6A /* Info.plist */,
				9E2BC0689C9B84ABDF472FA6 /* LegacyMigrator.swift */,
			);
			path = Runner;
			sourceTree = "<group>";
		};
		4C995FE47617AD5813A91343 /* Products */ = {
			isa = PBXGroup;
			children = (
				63AB46E7332B3C654F7FC269 /* Cutting Log.app */,
				A92CCF10AE41786F09ED7594 /* RunnerTests.xctest */,
			);
			name = Products;
			sourceTree = "<group>";
		};
		53C49F6C876F7B9A92135800 /* RunnerTests */ = {
			isa = PBXGroup;
			children = (
				3426CBB284A4D684D21599F8 /* RunnerTests.swift */,
			);
			path = RunnerTests;
			sourceTree = "<group>";
		};
		9A8B24FB450899A49FFED62C /* Frameworks */ = {
			isa = PBXGroup;
			children = (
				5FE4F946D28C287F0E99F457 /* libsqlite3.tbd */,
			);
			name = Frameworks;
			sourceTree = "<group>";
		};
		C10DFBC6EFCC79E732249D0F = {
			isa = PBXGroup;
			children = (
				4C995FE47617AD5813A91343 /* Products */,
				125E6D8A3538DD62817BA734 /* Runner */,
				53C49F6C876F7B9A92135800 /* RunnerTests */,
				9A8B24FB450899A49FFED62C /* Frameworks */,
			);
			sourceTree = "<group>";
		};
/* End PBXGroup section */

/* Begin PBXNativeTarget section */
		BD66B324A1C0231F6C528BCA /* RunnerTests */ = {
			isa = PBXNativeTarget;
			buildConfigurationList = 6CDDEB594FB87E6E9CB4805A /* Build configuration list for PBXNativeTarget "RunnerTests" */;
			buildPhases = (
				A2FA0973AEF7B7DDE16625D0 /* Sources */,
				451A115C08A524C01721CAFD /* Frameworks */,
				B4F31C7D497F7C8AA02E7989 /* Resources */,
			);
			buildRules = (
			);
			dependencies = (
				3E51313C11C332DC1AC33A95 /* PBXTargetDependency */,
			);
			name = RunnerTests;
			productName = RunnerTests;
			productReference = A92CCF10AE41786F09ED7594 /* RunnerTests.xctest */;
			productType = "com.apple.product-type.bundle.unit-test";
		};
		D12C10D305A4D687BF17D0CE /* Runner */ = {
			isa = PBXNativeTarget;
			buildConfigurationList = FF74E562EB9AEE0F71DDBAD5 /* Build configuration list for PBXNativeTarget "Runner" */;
			buildPhases = (
				14F8293B3426EA1B7C552D7C /* Sources */,
				D844F930805C24C518E0DEC3 /* Frameworks */,
				AE749B4EF645054982182EC7 /* Resources */,
			);
			buildRules = (
			);
			dependencies = (
			);
			name = Runner;
			productName = Runner;
			productReference = 63AB46E7332B3C654F7FC269 /* Cutting Log.app */;
			productType = "com.apple.product-type.application";
		};
/* End PBXNativeTarget section */

/* Begin PBXProject section */
		EA403E1FD1F709EC0FABD1C0 /* Project object */ = {
			isa = PBXProject;
			attributes = {
				LastSwiftUpdateCheck = 1600;
				LastUpgradeCheck = 1600;
				TargetAttributes = {
					D12C10D305A4D687BF17D0CE = {
						DevelopmentTeam = 2ES87W257J;
						ProvisioningStyle = Automatic;
					};
				};
			};
			buildConfigurationList = C6E00DC84EC606572E9FA9B0 /* Build configuration list for PBXProject "Runner" */;
			compatibilityVersion = "Xcode 3.2";
			developmentRegion = en;
			hasScannedForEncodings = 0;
			knownRegions = (
				en,
				Base,
			);
			mainGroup = C10DFBC6EFCC79E732249D0F;
			productRefGroup = 4C995FE47617AD5813A91343 /* Products */;
			projectDirPath = "";
			projectRoot = "";
			targets = (
				D12C10D305A4D687BF17D0CE /* Runner */,
				BD66B324A1C0231F6C528BCA /* RunnerTests */,
			);
		};
/* End PBXProject section */

/* Begin PBXResourcesBuildPhase section */
		AE749B4EF645054982182EC7 /* Resources */ = {
			isa = PBXResourcesBuildPhase;
			buildActionMask = 2147483647;
			files = (
				60BF8E4A9EE44FEFF010DF36 /* Assets.xcassets in Resources */,
				BE4667D1BAE8AA6BEDF99C9F /* LaunchScreen.storyboard in Resources */,
			);
			runOnlyForDeploymentPostprocessing = 0;
		};
		B4F31C7D497F7C8AA02E7989 /* Resources */ = {
			isa = PBXResourcesBuildPhase;
			buildActionMask = 2147483647;
			files = (
			);
			runOnlyForDeploymentPostprocessing = 0;
		};
/* End PBXResourcesBuildPhase section */

/* Begin PBXSourcesBuildPhase section */
		14F8293B3426EA1B7C552D7C /* Sources */ = {
			isa = PBXSourcesBuildPhase;
			buildActionMask = 2147483647;
			files = (
				536A910335EF32E4815BBB32 /* CuttingLogApp.swift in Sources */,
				EDE8D21FB82758C672065653 /* Models.swift in Sources */,
				C790D5B61DAAA2EDF1373A67 /* JournalStore.swift in Sources */,
				D971C5DE4636820AEAE2CCAD /* HomeView.swift in Sources */,
				F19C844070BAAC7ABEF4624B /* CuttingDetailView.swift in Sources */,
				547A3E4FEA6215C5FD735274 /* AdvancedToolsView.swift in Sources */,
				0C8C84B58231A007380C283C /* HelpView.swift in Sources */,
				06E4105330259EB8A31CBA24 /* LegacyMigrator.swift in Sources */,
			);
			runOnlyForDeploymentPostprocessing = 0;
		};
		A2FA0973AEF7B7DDE16625D0 /* Sources */ = {
			isa = PBXSourcesBuildPhase;
			buildActionMask = 2147483647;
			files = (
				94009A61DE9CCBE6A3458A25 /* RunnerTests.swift in Sources */,
			);
			runOnlyForDeploymentPostprocessing = 0;
		};
/* End PBXSourcesBuildPhase section */

/* Begin PBXTargetDependency section */
		3E51313C11C332DC1AC33A95 /* PBXTargetDependency */ = {
			isa = PBXTargetDependency;
			name = Runner;
			target = D12C10D305A4D687BF17D0CE /* Runner */;
			targetProxy = DA0459ED16D724EBE8FB0F3E /* PBXContainerItemProxy */;
		};
/* End PBXTargetDependency section */

/* Begin XCBuildConfiguration section */
		2E8E24AEAF8C5AF3A5F83287 /* Debug */ = {
			isa = XCBuildConfiguration;
			buildSettings = {
				ALWAYS_SEARCH_USER_PATHS = NO;
				CLANG_ANALYZER_NONNULL = YES;
				CLANG_ANALYZER_NUMBER_OBJECT_CONVERSION = YES_AGGRESSIVE;
				CLANG_CXX_LANGUAGE_STANDARD = "gnu++14";
				CLANG_CXX_LIBRARY = "libc++";
				CLANG_ENABLE_MODULES = YES;
				CLANG_ENABLE_OBJC_ARC = YES;
				CLANG_ENABLE_OBJC_WEAK = YES;
				CLANG_WARN_BLOCK_CAPTURE_AUTORELEASING = YES;
				CLANG_WARN_BOOL_CONVERSION = YES;
				CLANG_WARN_COMMA = YES;
				CLANG_WARN_CONSTANT_CONVERSION = YES;
				CLANG_WARN_DEPRECATED_OBJC_IMPLEMENTATIONS = YES;
				CLANG_WARN_DIRECT_OBJC_ISA_USAGE = YES_ERROR;
				CLANG_WARN_DOCUMENTATION_COMMENTS = YES;
				CLANG_WARN_EMPTY_BODY = YES;
				CLANG_WARN_ENUM_CONVERSION = YES;
				CLANG_WARN_INFINITE_RECURSION = YES;
				CLANG_WARN_INT_CONVERSION = YES;
				CLANG_WARN_NON_LITERAL_NULL_CONVERSION = YES;
				CLANG_WARN_OBJC_IMPLICIT_RETAIN_SELF = YES;
				CLANG_WARN_OBJC_LITERAL_CONVERSION = YES;
				CLANG_WARN_OBJC_ROOT_CLASS = YES_ERROR;
				CLANG_WARN_QUOTED_INCLUDE_IN_FRAMEWORK_HEADER = YES;
				CLANG_WARN_RANGE_LOOP_ANALYSIS = YES;
				CLANG_WARN_STRICT_PROTOTYPES = YES;
				CLANG_WARN_SUSPICIOUS_MOVE = YES;
				CLANG_WARN_UNGUARDED_AVAILABILITY = YES_AGGRESSIVE;
				CLANG_WARN_UNREACHABLE_CODE = YES;
				CLANG_WARN__DUPLICATE_METHOD_MATCH = YES;
				COPY_PHASE_STRIP = NO;
				DEBUG_INFORMATION_FORMAT = dwarf;
				ENABLE_STRICT_OBJC_MSGSEND = YES;
				ENABLE_TESTABILITY = YES;
				GCC_C_LANGUAGE_STANDARD = gnu11;
				GCC_DYNAMIC_NO_PIC = NO;
				GCC_NO_COMMON_BLOCKS = YES;
				GCC_OPTIMIZATION_LEVEL = 0;
				GCC_PREPROCESSOR_DEFINITIONS = (
					"DEBUG=1",
					"$(inherited)",
				);
				GCC_WARN_64_TO_32_BIT_CONVERSION = YES;
				GCC_WARN_ABOUT_RETURN_TYPE = YES_ERROR;
				GCC_WARN_UNDECLARED_SELECTOR = YES;
				GCC_WARN_UNINITIALIZED_AUTOS = YES_AGGRESSIVE;
				GCC_WARN_UNUSED_FUNCTION = YES;
				GCC_WARN_UNUSED_VARIABLE = YES;
				MTL_ENABLE_DEBUG_INFO = INCLUDE_SOURCE;
				MTL_FAST_MATH = YES;
				ONLY_ACTIVE_ARCH = YES;
				PRODUCT_NAME = "$(TARGET_NAME)";
				SWIFT_ACTIVE_COMPILATION_CONDITIONS = DEBUG;
				SWIFT_OPTIMIZATION_LEVEL = "-Onone";
				SWIFT_VERSION = 5.0;
			};
			name = Debug;
		};
		70C7F4FF2866CF7A760C3D23 /* Release */ = {
			isa = XCBuildConfiguration;
			buildSettings = {
				BUNDLE_LOADER = "$(TEST_HOST)";
				CLANG_ENABLE_OBJC_WEAK = NO;
				GENERATE_INFOPLIST_FILE = YES;
				IPHONEOS_DEPLOYMENT_TARGET = 17.0;
				PRODUCT_BUNDLE_IDENTIFIER = com.infinityball.cuttinglog.tests;
				SDKROOT = iphoneos;
				SWIFT_VERSION = 5.0;
				TARGETED_DEVICE_FAMILY = 1;
				TEST_HOST = "$(BUILT_PRODUCTS_DIR)/Cutting Log.app/$(BUNDLE_EXECUTABLE_FOLDER_PATH)/Cutting Log";
				VALIDATE_PRODUCT = YES;
			};
			name = Release;
		};
		83597538339E69724ADED295 /* Release */ = {
			isa = XCBuildConfiguration;
			buildSettings = {
				ALWAYS_SEARCH_USER_PATHS = NO;
				CLANG_ANALYZER_NONNULL = YES;
				CLANG_ANALYZER_NUMBER_OBJECT_CONVERSION = YES_AGGRESSIVE;
				CLANG_CXX_LANGUAGE_STANDARD = "gnu++14";
				CLANG_CXX_LIBRARY = "libc++";
				CLANG_ENABLE_MODULES = YES;
				CLANG_ENABLE_OBJC_ARC = YES;
				CLANG_ENABLE_OBJC_WEAK = YES;
				CLANG_WARN_BLOCK_CAPTURE_AUTORELEASING = YES;
				CLANG_WARN_BOOL_CONVERSION = YES;
				CLANG_WARN_COMMA = YES;
				CLANG_WARN_CONSTANT_CONVERSION = YES;
				CLANG_WARN_DEPRECATED_OBJC_IMPLEMENTATIONS = YES;
				CLANG_WARN_DIRECT_OBJC_ISA_USAGE = YES_ERROR;
				CLANG_WARN_DOCUMENTATION_COMMENTS = YES;
				CLANG_WARN_EMPTY_BODY = YES;
				CLANG_WARN_ENUM_CONVERSION = YES;
				CLANG_WARN_INFINITE_RECURSION = YES;
				CLANG_WARN_INT_CONVERSION = YES;
				CLANG_WARN_NON_LITERAL_NULL_CONVERSION = YES;
				CLANG_WARN_OBJC_IMPLICIT_RETAIN_SELF = YES;
				CLANG_WARN_OBJC_LITERAL_CONVERSION = YES;
				CLANG_WARN_OBJC_ROOT_CLASS = YES_ERROR;
				CLANG_WARN_QUOTED_INCLUDE_IN_FRAMEWORK_HEADER = YES;
				CLANG_WARN_RANGE_LOOP_ANALYSIS = YES;
				CLANG_WARN_STRICT_PROTOTYPES = YES;
				CLANG_WARN_SUSPICIOUS_MOVE = YES;
				CLANG_WARN_UNGUARDED_AVAILABILITY = YES_AGGRESSIVE;
				CLANG_WARN_UNREACHABLE_CODE = YES;
				CLANG_WARN__DUPLICATE_METHOD_MATCH = YES;
				COPY_PHASE_STRIP = NO;
				DEBUG_INFORMATION_FORMAT = "dwarf-with-dsym";
				ENABLE_NS_ASSERTIONS = NO;
				ENABLE_STRICT_OBJC_MSGSEND = YES;
				GCC_C_LANGUAGE_STANDARD = gnu11;
				GCC_NO_COMMON_BLOCKS = YES;
				GCC_WARN_64_TO_32_BIT_CONVERSION = YES;
				GCC_WARN_ABOUT_RETURN_TYPE = YES_ERROR;
				GCC_WARN_UNDECLARED_SELECTOR = YES;
				GCC_WARN_UNINITIALIZED_AUTOS = YES_AGGRESSIVE;
				GCC_WARN_UNUSED_FUNCTION = YES;
				GCC_WARN_UNUSED_VARIABLE = YES;
				MTL_ENABLE_DEBUG_INFO = NO;
				MTL_FAST_MATH = YES;
				PRODUCT_NAME = "$(TARGET_NAME)";
				SWIFT_OPTIMIZATION_LEVEL = "-Owholemodule";
				SWIFT_VERSION = 5.0;
			};
			name = Release;
		};
		C58228489C803447695A25B6 /* Release */ = {
			isa = XCBuildConfiguration;
			buildSettings = {
				ASSETCATALOG_COMPILER_APPICON_NAME = AppIcon;
				CLANG_ENABLE_OBJC_WEAK = NO;
				CODE_SIGN_STYLE = Automatic;
				CURRENT_PROJECT_VERSION = 1;
				DEVELOPMENT_TEAM = 2ES87W257J;
				GENERATE_INFOPLIST_FILE = NO;
				INFOPLIST_FILE = Runner/Info.plist;
				INFOPLIST_KEY_LSApplicationCategoryType = "public.app-category.lifestyle";
				IPHONEOS_DEPLOYMENT_TARGET = 17.0;
				LD_RUNPATH_SEARCH_PATHS = "$(inherited) @executable_path/Frameworks";
				MARKETING_VERSION = 0.2.0;
				PRODUCT_BUNDLE_IDENTIFIER = com.infinityball.cuttinglog;
				PRODUCT_NAME = "Cutting Log";
				SDKROOT = iphoneos;
				SUPPORTED_PLATFORMS = "iphoneos iphonesimulator";
				SUPPORTS_MACCATALYST = NO;
				SUPPORTS_MAC_DESIGNED_FOR_IPHONE_IPAD = NO;
				SWIFT_VERSION = 5.0;
				TARGETED_DEVICE_FAMILY = 1;
				VALIDATE_PRODUCT = YES;
			};
			name = Release;
		};
		D0D2DB69E60CA94D58E28F8B /* Debug */ = {
			isa = XCBuildConfiguration;
			buildSettings = {
				BUNDLE_LOADER = "$(TEST_HOST)";
				CLANG_ENABLE_OBJC_WEAK = NO;
				GENERATE_INFOPLIST_FILE = YES;
				IPHONEOS_DEPLOYMENT_TARGET = 17.0;
				PRODUCT_BUNDLE_IDENTIFIER = com.infinityball.cuttinglog.tests;
				SDKROOT = iphoneos;
				SWIFT_VERSION = 5.0;
				TARGETED_DEVICE_FAMILY = 1;
				TEST_HOST = "$(BUILT_PRODUCTS_DIR)/Cutting Log.app/$(BUNDLE_EXECUTABLE_FOLDER_PATH)/Cutting Log";
			};
			name = Debug;
		};
		F6AD12DFEB6AB6532A389F20 /* Debug */ = {
			isa = XCBuildConfiguration;
			buildSettings = {
				ASSETCATALOG_COMPILER_APPICON_NAME = AppIcon;
				CLANG_ENABLE_OBJC_WEAK = NO;
				CODE_SIGN_STYLE = Automatic;
				CURRENT_PROJECT_VERSION = 1;
				DEVELOPMENT_TEAM = 2ES87W257J;
				GENERATE_INFOPLIST_FILE = NO;
				INFOPLIST_FILE = Runner/Info.plist;
				INFOPLIST_KEY_LSApplicationCategoryType = "public.app-category.lifestyle";
				IPHONEOS_DEPLOYMENT_TARGET = 17.0;
				LD_RUNPATH_SEARCH_PATHS = "$(inherited) @executable_path/Frameworks";
				MARKETING_VERSION = 0.2.0;
				PRODUCT_BUNDLE_IDENTIFIER = com.infinityball.cuttinglog;
				PRODUCT_NAME = "Cutting Log";
				SDKROOT = iphoneos;
				SUPPORTED_PLATFORMS = "iphoneos iphonesimulator";
				SUPPORTS_MACCATALYST = NO;
				SUPPORTS_MAC_DESIGNED_FOR_IPHONE_IPAD = NO;
				SWIFT_VERSION = 5.0;
				TARGETED_DEVICE_FAMILY = 1;
			};
			name = Debug;
		};
/* End XCBuildConfiguration section */

/* Begin XCConfigurationList section */
		6CDDEB594FB87E6E9CB4805A /* Build configuration list for PBXNativeTarget "RunnerTests" */ = {
			isa = XCConfigurationList;
			buildConfigurations = (
				70C7F4FF2866CF7A760C3D23 /* Release */,
				D0D2DB69E60CA94D58E28F8B /* Debug */,
			);
			defaultConfigurationIsVisible = 0;
			defaultConfigurationName = Release;
		};
		C6E00DC84EC606572E9FA9B0 /* Build configuration list for PBXProject "Runner" */ = {
			isa = XCConfigurationList;
			buildConfigurations = (
				2E8E24AEAF8C5AF3A5F83287 /* Debug */,
				83597538339E69724ADED295 /* Release */,
			);
			defaultConfigurationIsVisible = 0;
			defaultConfigurationName = Release;
		};
		FF74E562EB9AEE0F71DDBAD5 /* Build configuration list for PBXNativeTarget "Runner" */ = {
			isa = XCConfigurationList;
			buildConfigurations = (
				C58228489C803447695A25B6 /* Release */,
				F6AD12DFEB6AB6532A389F20 /* Debug */,
			);
			defaultConfigurationIsVisible = 0;
			defaultConfigurationName = Release;
		};
/* End XCConfigurationList section */
	};
	rootObject = EA403E1FD1F709EC0FABD1C0 /* Project object */;
}
